{
  "name": "multithreads",
  "version": "1.0.0",
  "lockfileVersion": 2,
  "requires": true,
  "packages": {
    "": {
      "name": "multithreads",
      "version": "1.0.0",
      "license": "ISC",
      "dependencies": {
        "async": "^3.2.4",
        "noroutine": "^0.0.7"
      },
      "engines": {
        "node": "=18"
      }
    },
    "node_modules/async": {
      "version": "3.2.4",
      "resolved": "https://registry.npmjs.org/async/-/async-3.2.4.tgz",
      "integrity": "sha512-iAB+JbDEGXhyIUavoDl9WP/Jj106Kz9DEn1DPgYw5ruDn0e3Wgi3sKFm55sASdGBNOQB8F59d9qQ7deqrHA8wQ=="
    },
    "node_modules/noroutine": {
      "version": "0.0.7",
      "resolved": "https://registry.npmjs.org/noroutine/-/noroutine-0.0.7.tgz",
      "integrity": "sha512-SEMONrCWGWDPpaVZf4DeRZEgKiUcP+Ih6ktVmZgm1glDmlO1VXHwToMH8Vj25bYzdbDD4Sjj5jSq4neMxmwqJg==",
      "engines": {
        "node": "^12.22 || ^14.17 || 16 || 18"
      },
      "funding": {
        "type": "patreon",
        "url": "https://www.patreon.com/tshemsedinov"
      }
    }
  },
  "dependencies": {
    "async": {
      "version": "3.2.4",
      "resolved": "https://registry.npmjs.org/async/-/async-3.2.4.tgz",
      "integrity": "sha512-iAB+JbDEGXhyIUavoDl9WP/Jj106Kz9DEn1DPgYw5ruDn0e3Wgi3sKFm55sASdGBNOQB8F59d9qQ7deqrHA8wQ=="
    },
    "noroutine": {
      "version": "0.0.7",
      "resolved": "https://registry.npmjs.org/noroutine/-/noroutine-0.0.7.tgz",
      "integrity": "sha512-SEMONrCWGWDPpaVZf4DeRZEgKiUcP+Ih6ktVmZgm1glDmlO1VXHwToMH8Vj25bYzdbDD4Sjj5jSq4neMxmwqJg=="
    }
  }
}
